# @generated by Move, please check-in and do not edit manually.

[move]
version = 3
manifest_digest = "5B43B60D78D0FA94C56D75EE03645561F5E4CCC010256052206C9B41975539C6"
deps_digest = "F9B494B64F0615AED0E98FC12A85B85ECD2BC5185C22D30E7F67786BB52E507C"
dependencies = [
  { id = "Bridge", name = "Bridge" },
  { id = "MoveStdlib", name = "MoveStdlib" },
  { id = "Sui", name = "Sui" },
  { id = "SuiSystem", name = "SuiSystem" },
]

[[move.package]]
id = "Bridge"
source = { git = "https://github.com/MystenLabs/sui.git", rev = "f63c9fc78e2171fa174dc43e757ded416c204558", subdir = "crates/sui-framework/packages/bridge" }

dependencies = [
  { id = "MoveStdlib", name = "MoveStdlib" },
  { id = "Sui", name = "Sui" },
  { id = "SuiSystem", name = "SuiSystem" },
]

[[move.package]]
id = "MoveStdlib"
source = { git = "https://github.com/MystenLabs/sui.git", rev = "f63c9fc78e2171fa174dc43e757ded416c204558", subdir = "crates/sui-framework/packages/move-stdlib" }

[[move.package]]
id = "Sui"
source = { git = "https://github.com/MystenLabs/sui.git", rev = "f63c9fc78e2171fa174dc43e757ded416c204558", subdir = "crates/sui-framework/packages/sui-framework" }

dependencies = [
  { id = "MoveStdlib", name = "MoveStdlib" },
]

[[move.package]]
id = "SuiSystem"
source = { git = "https://github.com/MystenLabs/sui.git", rev = "f63c9fc78e2171fa174dc43e757ded416c204558", subdir = "crates/sui-framework/packages/sui-system" }

dependencies = [
  { id = "MoveStdlib", name = "MoveStdlib" },
  { id = "Sui", name = "Sui" },
]

[move.toolchain-version]
compiler-version = "1.57.2"
edition = "2024.beta"
flavor = "sui"

[env]

[env.devnet]
chain-id = "58e278c2"
original-published-id = "0x1e7e0c3018c86d857f5ce7580ba6e9e792e72aaf87cd69196e48d66b44f09893"
latest-published-id = "0x1e7e0c3018c86d857f5ce7580ba6e9e792e72aaf87cd69196e48d66b44f09893"
published-version = "1"

[env.testnet]
chain-id = "4c78adac"
original-published-id = "0xd7cb8a4f298055216ba632959fb9de48af807b6aa82dc55c7f249d8c1be864c7"
latest-published-id = "0xd7cb8a4f298055216ba632959fb9de48af807b6aa82dc55c7f249d8c1be864c7"
published-version = "1"
